<?xml version="1.0" encoding="utf-8"?>
<Project ToolsVersion="4.0" xmlns="http://schemas.microsoft.com/developer/msbuild/2003">
  <ItemGroup>
    <Filter Include="Source">
      <UniqueIdentifier>{ee02cceb-a066-4c32-9bfe-d3a5ca2cb59d}</UniqueIdentifier>
    </Filter>
    <Filter Include="Source\Program">
      <UniqueIdentifier>{82f502aa-7d25-432f-be7d-793899e6b818}</UniqueIdentifier>
    </Filter>
    <Filter Include="Source\Renderer">
      <UniqueIdentifier>{cf4e45e3-67d1-474f-957f-3c741e7cdda2}</UniqueIdentifier>
    </Filter>
    <Filter Include="Source\Window">
      <UniqueIdentifier>{8988d65b-d6fb-4246-a8e3-29c45b6dd750}</UniqueIdentifier>
    </Filter>
  </ItemGroup>
  <ItemGroup>
    <ClCompile Include="src\Program.cpp">
      <Filter>Source\Program</Filter>
    </ClCompile>
    <ClCompile Include="src\Renderer.cpp">
      <Filter>Source\Renderer</Filter>
    </ClCompile>
    <ClCompile Include="src\Window.cpp">
      <Filter>Source\Window</Filter>
    </ClCompile>
  </ItemGroup>
  <ItemGroup>
    <ClInclude Include="src\Program.h">
      <Filter>Source\Program</Filter>
    </ClInclude>
    <ClInclude Include="src\Renderer.h">
      <Filter>Source\Renderer</Filter>
    </ClInclude>
    <ClInclude Include="src\Window.h">
      <Filter>Source\Window</Filter>
    </ClInclude>
  </ItemGroup>
</Project>